
Microsoft Visual Studio Solution File, Format Version 12.00
# Visual Studio Version 16
VisualStudioVersion = 16.0.31424.327
MinimumVisualStudioVersion = 10.0.40219.1
Project("{2150E333-8FDC-42A3-9474-1A3956D46DE8}") = "src", "src", "{6ACA913C-9316-4207-8D4F-62D6E1B80A14}"
EndProject
Project("{9A19103F-16F7-4668-BE54-9A1E7A4F7556}") = "SOLID.SRP", "src\SOLID.SRP\SOLID.SRP.csproj", "{3D63F8F1-6F88-434C-9E6D-7D63D1F3D31A}"
EndProject
Project("{9A19103F-16F7-4668-BE54-9A1E7A4F7556}") = "SOLID.OCP", "src\SOLID.OCP\SOLID.OCP.csproj", "{ABCE3F46-B1FF-4B37-AB05-D593661FEEE3}"
EndProject
Project("{2150E333-8FDC-42A3-9474-1A3956D46DE8}") = "1 - SRP", "1 - SRP", "{9E75F09D-AC92-4179-BECA-844ED0D44E9B}"
EndProject
Project("{2150E333-8FDC-42A3-9474-1A3956D46DE8}") = "2 - OCP", "2 - OCP", "{387B99F5-DAB2-46DE-B6DD-F2BCA3BFB8AF}"
EndProject
Project("{2150E333-8FDC-42A3-9474-1A3956D46DE8}") = "3 - LSP", "3 - LSP", "{0E2BB018-ADA6-4DD6-BB05-3C948FA2F614}"
EndProject
Project("{FAE04EC0-301F-11D3-BF4B-00C04F79EFBC}") = "SOLID.LSP", "src\SOLID.LSP\SOLID.LSP.csproj", "{5F65707D-08B3-494F-9F73-C6EB407752BE}"
EndProject
Project("{2150E333-8FDC-42A3-9474-1A3956D46DE8}") = "4 - ISP", "4 - ISP", "{24988723-899B-4EB0-9A4E-657C65908B4D}"
EndProject
Project("{FAE04EC0-301F-11D3-BF4B-00C04F79EFBC}") = "SOLID.ISP", "src\SOLID.ISP\SOLID.ISP.csproj", "{6C7B0A25-DBA8-474C-8C9B-9E0E56A061A2}"
EndProject
Project("{2150E333-8FDC-42A3-9474-1A3956D46DE8}") = "5 - DIP", "5 - DIP", "{86DF3CC6-354A-49A9-9453-AB1F71CD5FF0}"
EndProject
Project("{FAE04EC0-301F-11D3-BF4B-00C04F79EFBC}") = "SOLID.DIP", "src\SOLID.DIP\SOLID.DIP.csproj", "{B757962E-5CA7-433E-A60F-583A785B5802}"
EndProject
Global
	GlobalSection(SolutionConfigurationPlatforms) = preSolution
		Debug|Any CPU = Debug|Any CPU
		Release|Any CPU = Release|Any CPU
	EndGlobalSection
	GlobalSection(ProjectConfigurationPlatforms) = postSolution
		{3D63F8F1-6F88-434C-9E6D-7D63D1F3D31A}.Debug|Any CPU.ActiveCfg = Debug|Any CPU
		{3D63F8F1-6F88-434C-9E6D-7D63D1F3D31A}.Debug|Any CPU.Build.0 = Debug|Any CPU
		{3D63F8F1-6F88-434C-9E6D-7D63D1F3D31A}.Release|Any CPU.ActiveCfg = Release|Any CPU
		{3D63F8F1-6F88-434C-9E6D-7D63D1F3D31A}.Release|Any CPU.Build.0 = Release|Any CPU
		{ABCE3F46-B1FF-4B37-AB05-D593661FEEE3}.Debug|Any CPU.ActiveCfg = Debug|Any CPU
		{ABCE3F46-B1FF-4B37-AB05-D593661FEEE3}.Debug|Any CPU.Build.0 = Debug|Any CPU
		{ABCE3F46-B1FF-4B37-AB05-D593661FEEE3}.Release|Any CPU.ActiveCfg = Release|Any CPU
		{ABCE3F46-B1FF-4B37-AB05-D593661FEEE3}.Release|Any CPU.Build.0 = Release|Any CPU
		{5F65707D-08B3-494F-9F73-C6EB407752BE}.Debug|Any CPU.ActiveCfg = Debug|Any CPU
		{5F65707D-08B3-494F-9F73-C6EB407752BE}.Debug|Any CPU.Build.0 = Debug|Any CPU
		{5F65707D-08B3-494F-9F73-C6EB407752BE}.Release|Any CPU.ActiveCfg = Release|Any CPU
		{5F65707D-08B3-494F-9F73-C6EB407752BE}.Release|Any CPU.Build.0 = Release|Any CPU
		{6C7B0A25-DBA8-474C-8C9B-9E0E56A061A2}.Debug|Any CPU.ActiveCfg = Debug|Any CPU
		{6C7B0A25-DBA8-474C-8C9B-9E0E56A061A2}.Debug|Any CPU.Build.0 = Debug|Any CPU
		{6C7B0A25-DBA8-474C-8C9B-9E0E56A061A2}.Release|Any CPU.ActiveCfg = Release|Any CPU
		{6C7B0A25-DBA8-474C-8C9B-9E0E56A061A2}.Release|Any CPU.Build.0 = Release|Any CPU
		{B757962E-5CA7-433E-A60F-583A785B5802}.Debug|Any CPU.ActiveCfg = Debug|Any CPU
		{B757962E-5CA7-433E-A60F-583A785B5802}.Debug|Any CPU.Build.0 = Debug|Any CPU
		{B757962E-5CA7-433E-A60F-583A785B5802}.Release|Any CPU.ActiveCfg = Release|Any CPU
		{B757962E-5CA7-433E-A60F-583A785B5802}.Release|Any CPU.Build.0 = Release|Any CPU
	EndGlobalSection
	GlobalSection(SolutionProperties) = preSolution
		HideSolutionNode = FALSE
	EndGlobalSection
	GlobalSection(NestedProjects) = preSolution
		{3D63F8F1-6F88-434C-9E6D-7D63D1F3D31A} = {9E75F09D-AC92-4179-BECA-844ED0D44E9B}
		{ABCE3F46-B1FF-4B37-AB05-D593661FEEE3} = {387B99F5-DAB2-46DE-B6DD-F2BCA3BFB8AF}
		{9E75F09D-AC92-4179-BECA-844ED0D44E9B} = {6ACA913C-9316-4207-8D4F-62D6E1B80A14}
		{387B99F5-DAB2-46DE-B6DD-F2BCA3BFB8AF} = {6ACA913C-9316-4207-8D4F-62D6E1B80A14}
		{0E2BB018-ADA6-4DD6-BB05-3C948FA2F614} = {6ACA913C-9316-4207-8D4F-62D6E1B80A14}
		{5F65707D-08B3-494F-9F73-C6EB407752BE} = {0E2BB018-ADA6-4DD6-BB05-3C948FA2F614}
		{24988723-899B-4EB0-9A4E-657C65908B4D} = {6ACA913C-9316-4207-8D4F-62D6E1B80A14}
		{6C7B0A25-DBA8-474C-8C9B-9E0E56A061A2} = {24988723-899B-4EB0-9A4E-657C65908B4D}
		{86DF3CC6-354A-49A9-9453-AB1F71CD5FF0} = {6ACA913C-9316-4207-8D4F-62D6E1B80A14}
		{B757962E-5CA7-433E-A60F-583A785B5802} = {86DF3CC6-354A-49A9-9453-AB1F71CD5FF0}
	EndGlobalSection
	GlobalSection(ExtensibilityGlobals) = postSolution
		SolutionGuid = {B102E108-4D84-4B59-9207-B3AE6844419C}
	EndGlobalSection
EndGlobal
